
Microsoft Visual Studio Solution File, Format Version 12.00
# Visual Studio Version 16
VisualStudioVersion = 16.0.29102.190
MinimumVisualStudioVersion = 10.0.40219.1
Project("{9A19103F-16F7-4668-BE54-9A1E7A4F7556}") = "Invictus.Testing.LogicApps", "Invictus.Testing.LogicApps\Invictus.Testing.LogicApps.csproj", "{43477A7C-3294-4E0F-A29C-03D5758BAF17}"
EndProject
Project("{2150E333-8FDC-42A3-9474-1A3956D46DE8}") = "Tests", "Tests", "{65BD93B8-385C-4C14-9773-140D5058D6B1}"
EndProject
Project("{9A19103F-16F7-4668-BE54-9A1E7A4F7556}") = "Invictus.Testing.Tests.Integration", "Invictus.Testing.Tests.Integration\Invictus.Testing.Tests.Integration.csproj", "{621838F3-EF62-46C4-9517-77C2FF919A29}"
EndProject
Project("{FAE04EC0-301F-11D3-BF4B-00C04F79EFBC}") = "Invictus.Testing.ResourceApi", "Invictus.Testing.ResourceApi\Invictus.Testing.ResourceApi.csproj", "{CB8C7BED-3F6C-4DDF-BDF4-77404B25E366}"
EndProject
Global
	GlobalSection(SolutionConfigurationPlatforms) = preSolution
		Debug|Any CPU = Debug|Any CPU
		Release|Any CPU = Release|Any CPU
	EndGlobalSection
	GlobalSection(ProjectConfigurationPlatforms) = postSolution
		{43477A7C-3294-4E0F-A29C-03D5758BAF17}.Debug|Any CPU.ActiveCfg = Debug|Any CPU
		{43477A7C-3294-4E0F-A29C-03D5758BAF17}.Debug|Any CPU.Build.0 = Debug|Any CPU
		{43477A7C-3294-4E0F-A29C-03D5758BAF17}.Release|Any CPU.ActiveCfg = Release|Any CPU
		{43477A7C-3294-4E0F-A29C-03D5758BAF17}.Release|Any CPU.Build.0 = Release|Any CPU
		{621838F3-EF62-46C4-9517-77C2FF919A29}.Debug|Any CPU.ActiveCfg = Debug|Any CPU
		{621838F3-EF62-46C4-9517-77C2FF919A29}.Debug|Any CPU.Build.0 = Debug|Any CPU
		{621838F3-EF62-46C4-9517-77C2FF919A29}.Release|Any CPU.ActiveCfg = Release|Any CPU
		{621838F3-EF62-46C4-9517-77C2FF919A29}.Release|Any CPU.Build.0 = Release|Any CPU
		{CB8C7BED-3F6C-4DDF-BDF4-77404B25E366}.Debug|Any CPU.ActiveCfg = Debug|Any CPU
		{CB8C7BED-3F6C-4DDF-BDF4-77404B25E366}.Debug|Any CPU.Build.0 = Debug|Any CPU
		{CB8C7BED-3F6C-4DDF-BDF4-77404B25E366}.Release|Any CPU.ActiveCfg = Release|Any CPU
		{CB8C7BED-3F6C-4DDF-BDF4-77404B25E366}.Release|Any CPU.Build.0 = Release|Any CPU
	EndGlobalSection
	GlobalSection(SolutionProperties) = preSolution
		HideSolutionNode = FALSE
	EndGlobalSection
	GlobalSection(NestedProjects) = preSolution
		{621838F3-EF62-46C4-9517-77C2FF919A29} = {65BD93B8-385C-4C14-9773-140D5058D6B1}
	EndGlobalSection
	GlobalSection(ExtensibilityGlobals) = postSolution
		SolutionGuid = {F02F53DA-4E36-45E4-BFF9-94FDC6267397}
	EndGlobalSection
EndGlobal
